<?xml version="1.0" encoding="utf-8"?>
<Project ToolsVersion="4.0" xmlns="http://schemas.microsoft.com/developer/msbuild/2003">
  <ItemGroup>
    <ClCompile Include="main.cpp" />
    <ClCompile Include="GameWindow.cpp">
      <Filter>Classes</Filter>
    </ClCompile>
    <ClCompile Include="Player.cpp">
      <Filter>Classes</Filter>
    </ClCompile>
    <ClCompile Include="Quiz.cpp">
      <Filter>Classes</Filter>
    </ClCompile>
    <ClCompile Include="TriviadorGame.cpp">
      <Filter>Classes</Filter>
    </ClCompile>
  </ItemGroup>
  <ItemGroup>
    <ClInclude Include="Player.h">
      <Filter>Headers</Filter>
    </ClInclude>
    <ClInclude Include="Quiz.h">
      <Filter>Headers</Filter>
    </ClInclude>
  </ItemGroup>
  <ItemGroup>
    <QtMoc Include="GameWindow.h">
      <Filter>Headers</Filter>
    </QtMoc>
    <QtMoc Include="TriviadorGame.h">
      <Filter>Headers</Filter>
    </QtMoc>
  </ItemGroup>
  <ItemGroup>
    <QtRcc Include="TriviadorGame.qrc" />
  </ItemGroup>
  <ItemGroup>
    <QtUic Include="GameWindow.ui">
      <Filter>UI</Filter>
    </QtUic>
    <QtUic Include="TriviadorGame.ui">
      <Filter>UI</Filter>
    </QtUic>
  </ItemGroup>
  <ItemGroup>
    <Text Include="..\..\..\Users\manea\OneDrive\Desktop\quizFolder\questionsAndAnswers.txt">
      <Filter>Resources</Filter>
    </Text>
    <Text Include="user_details.txt">
      <Filter>Resources</Filter>
    </Text>
  </ItemGroup>
  <ItemGroup>
    <Filter Include="Classes">
      <UniqueIdentifier>{c28325f4-5608-4f2c-92de-4e0115a51f1f}</UniqueIdentifier>
    </Filter>
    <Filter Include="Headers">
      <UniqueIdentifier>{acb2aa55-913b-446c-bc06-9c2bbfbc3ff5}</UniqueIdentifier>
    </Filter>
    <Filter Include="Resources">
      <UniqueIdentifier>{168fc257-08a5-47b1-9938-feb587575759}</UniqueIdentifier>
    </Filter>
    <Filter Include="UI">
      <UniqueIdentifier>{6da24387-50ad-4168-9b12-9e0cbe774376}</UniqueIdentifier>
    </Filter>
  </ItemGroup>
  <ItemGroup>
    <Image Include="..\..\..\Users\manea\OneDrive\Desktop\trivdefaultpfp.jpg" />
  </ItemGroup>
</Project>