<?xml version="1.0" encoding="utf-8"?>
<Project ToolsVersion="4.0" xmlns="http://schemas.microsoft.com/developer/msbuild/2003">
  <ItemGroup>
    <ClCompile Include="GameWindow.cpp" />
    <ClCompile Include="Player.cpp" />
    <ClCompile Include="Quiz.cpp" />
    <ClCompile Include="TriviadorGame.cpp" />
    <ClCompile Include="main.cpp" />
  </ItemGroup>
  <ItemGroup>
    <ClInclude Include="Player.h" />
    <ClInclude Include="Quiz.h" />
  </ItemGroup>
  <ItemGroup>
    <QtMoc Include="TriviadorGame.h" />
    <QtMoc Include="GameWindow.h" />
  </ItemGroup>
  <ItemGroup>
    <QtRcc Include="TriviadorGame.qrc" />
  </ItemGroup>
  <ItemGroup>
    <QtUic Include="GameWindow.ui" />
    <QtUic Include="TriviadorGame.ui" />
  </ItemGroup>
  <ItemGroup>
    <Text Include="user_details.txt" />
    <Text Include="..\..\..\Users\manea\OneDrive\Desktop\quizFolder\questionsAndAnswers.txt" />
  </ItemGroup>
</Project>